
Microsoft Visual Studio Solution File, Format Version 12.00
# Visual Studio 15
Project("{FAE04EC0-301F-11D3-BF4B-00C04F79EFBC}") = "shop-bridge", "shop-bridge\shop-bridge.csproj", "{B5693A64-BE26-4305-86D9-1CBA204302FE}"
EndProject
Project("{FAE04EC0-301F-11D3-BF4B-00C04F79EFBC}") = "shop-bridge-xunit", "shop-bridge-xunit\shop-bridge-xunit.csproj", "{4D8FAC3C-73CA-41F1-971A-9250CF9AF768}"
EndProject
Global
	GlobalSection(SolutionConfigurationPlatforms) = preSolution
		Debug|Any CPU = Debug|Any CPU
		Release|Any CPU = Release|Any CPU
	EndGlobalSection
	GlobalSection(ProjectConfigurationPlatforms) = postSolution
		{B5693A64-BE26-4305-86D9-1CBA204302FE}.Debug|Any CPU.ActiveCfg = Debug|Any CPU
		{B5693A64-BE26-4305-86D9-1CBA204302FE}.Debug|Any CPU.Build.0 = Debug|Any CPU
		{B5693A64-BE26-4305-86D9-1CBA204302FE}.Release|Any CPU.ActiveCfg = Release|Any CPU
		{B5693A64-BE26-4305-86D9-1CBA204302FE}.Release|Any CPU.Build.0 = Release|Any CPU
		{4D8FAC3C-73CA-41F1-971A-9250CF9AF768}.Debug|Any CPU.ActiveCfg = Debug|Any CPU
		{4D8FAC3C-73CA-41F1-971A-9250CF9AF768}.Debug|Any CPU.Build.0 = Debug|Any CPU
		{4D8FAC3C-73CA-41F1-971A-9250CF9AF768}.Release|Any CPU.ActiveCfg = Release|Any CPU
		{4D8FAC3C-73CA-41F1-971A-9250CF9AF768}.Release|Any CPU.Build.0 = Release|Any CPU
	EndGlobalSection
EndGlobal
